// !$*UTF8*$!
{
	archiveVersion = 1;
	classes = {
	};
	objectVersion = 46;
	objects = {

/* Begin PBXBuildFile section */
		0401526D1CFEB8820022832F /* AppDelegate.swift in Sources */ = {isa = PBXBuildFile; fileRef = 0401526C1CFEB8820022832F /* AppDelegate.swift */; };
		0401526F1CFEB8820022832F /* ViewController.swift in Sources */ = {isa = PBXBuildFile; fileRef = 0401526E1CFEB8820022832F /* ViewController.swift */; };
		040152721CFEB8820022832F /* Main.storyboard in Resources */ = {isa = PBXBuildFile; fileRef = 040152701CFEB8820022832F /* Main.storyboard */; };
		040152741CFEB8820022832F /* Assets.xcassets in Resources */ = {isa = PBXBuildFile; fileRef = 040152731CFEB8820022832F /* Assets.xcassets */; };
		040152771CFEB8820022832F /* LaunchScreen.storyboard in Resources */ = {isa = PBXBuildFile; fileRef = 040152751CFEB8820022832F /* LaunchScreen.storyboard */; };
		040152821CFEB8820022832F /* ExtensionDemoTests.swift in Sources */ = {isa = PBXBuildFile; fileRef = 040152811CFEB8820022832F /* ExtensionDemoTests.swift */; };
		0401528D1CFEB8820022832F /* ExtensionDemoUITests.swift in Sources */ = {isa = PBXBuildFile; fileRef = 0401528C1CFEB8820022832F /* ExtensionDemoUITests.swift */; };
		048AB74D1D011C8700786F98 /* ZCControl.swift in Sources */ = {isa = PBXBuildFile; fileRef = 048AB7481D011C8700786F98 /* ZCControl.swift */; };
		048AB7501D011CA000786F98 /* Config.swift in Sources */ = {isa = PBXBuildFile; fileRef = 048AB74F1D011CA000786F98 /* Config.swift */; };
		048AB7521D011CD300786F98 /* Extension.swift in Sources */ = {isa = PBXBuildFile; fileRef = 048AB7511D011CD300786F98 /* Extension.swift */; };
		048AB7571D011EF700786F98 /* 1.jpg in Resources */ = {isa = PBXBuildFile; fileRef = 048AB7541D011EF700786F98 /* 1.jpg */; };
		048AB7581D011EF700786F98 /* 2.jpg in Resources */ = {isa = PBXBuildFile; fileRef = 048AB7551D011EF700786F98 /* 2.jpg */; };
		048AB7591D011EF700786F98 /* 3.jpg in Resources */ = {isa = PBXBuildFile; fileRef = 048AB7561D011EF700786F98 /* 3.jpg */; };
/* End PBXBuildFile section */

/* Begin PBXContainerItemProxy section */
		0401527E1CFEB8820022832F /* PBXContainerItemProxy */ = {
			isa = PBXContainerItemProxy;
			containerPortal = 040152611CFEB8820022832F /* Project object */;
			proxyType = 1;
			remoteGlobalIDString = 040152681CFEB8820022832F;
			remoteInfo = ExtensionDemo;
		};
		040152891CFEB8820022832F /* PBXContainerItemProxy */ = {
			isa = PBXContainerItemProxy;
			containerPortal = 040152611CFEB8820022832F /* Project object */;
			proxyType = 1;
			remoteGlobalIDString = 040152681CFEB8820022832F;
			remoteInfo = ExtensionDemo;
		};
/* End PBXContainerItemProxy section */

/* Begin PBXFileReference section */
		040152691CFEB8820022832F /* ExtensionDemo.app */ = {isa = PBXFileReference; explicitFileType = wrapper.application; includeInIndex = 0; path = ExtensionDemo.app; sourceTree = BUILT_PRODUCTS_DIR; };
		0401526C1CFEB8820022832F /* AppDelegate.swift */ = {isa = PBXFileReference; lastKnownFileType = sourcecode.swift; path = AppDelegate.swift; sourceTree = "<group>"; };
		0401526E1CFEB8820022832F /* ViewController.swift */ = {isa = PBXFileReference; lastKnownFileType = sourcecode.swift; path = ViewController.swift; sourceTree = "<group>"; };
		040152711CFEB8820022832F /* Base */ = {isa = PBXFileReference; lastKnownFileType = file.storyboard; name = Base; path = Base.lproj/Main.storyboard; sourceTree = "<group>"; };
		040152731CFEB8820022832F /* Assets.xcassets */ = {isa = PBXFileReference; lastKnownFileType = folder.assetcatalog; path = Assets.xcassets; sourceTree = "<group>"; };
		040152761CFEB8820022832F /* Base */ = {isa = PBXFileReference; lastKnownFileType = file.storyboard; name = Base; path = Base.lproj/LaunchScreen.storyboard; sourceTree = "<group>"; };
		040152781CFEB8820022832F /* Info.plist */ = {isa = PBXFileReference; lastKnownFileType = text.plist.xml; path = Info.plist; sourceTree = "<group>"; };
		0401527D1CFEB8820022832F /* ExtensionDemoTests.xctest */ = {isa = PBXFileReference; explicitFileType = wrapper.cfbundle; includeInIndex = 0; path = ExtensionDemoTests.xctest; sourceTree = BUILT_PRODUCTS_DIR; };
		040152811CFEB8820022832F /* ExtensionDemoTests.swift */ = {isa = PBXFileReference; lastKnownFileType = sourcecode.swift; path = ExtensionDemoTests.swift; sourceTree = "<group>"; };
		040152831CFEB8820022832F /* Info.plist */ = {isa = PBXFileReference; lastKnownFileType = text.plist.xml; path = Info.plist; sourceTree = "<group>"; };
		040152881CFEB8820022832F /* ExtensionDemoUITests.xctest */ = {isa = PBXFileReference; explicitFileType = wrapper.cfbundle; includeInIndex = 0; path = ExtensionDemoUITests.xctest; sourceTree = BUILT_PRODUCTS_DIR; };
		0401528C1CFEB8820022832F /* ExtensionDemoUITests.swift */ = {isa = PBXFileReference; lastKnownFileType = sourcecode.swift; path = ExtensionDemoUITests.swift; sourceTree = "<group>"; };
		0401528E1CFEB8820022832F /* Info.plist */ = {isa = PBXFileReference; lastKnownFileType = text.plist.xml; path = Info.plist; sourceTree = "<group>"; };
		048AB73F1D011C0D00786F98 /* ExtensionDemo-Bridging-Header.h */ = {isa = PBXFileReference; lastKnownFileType = sourcecode.c.h; path = "ExtensionDemo-Bridging-Header.h"; sourceTree = "<group>"; };
		048AB7481D011C8700786F98 /* ZCControl.swift */ = {isa = PBXFileReference; fileEncoding = 4; lastKnownFileType = sourcecode.swift; path = ZCControl.swift; sourceTree = "<group>"; };
		048AB74F1D011CA000786F98 /* Config.swift */ = {isa = PBXFileReference; fileEncoding = 4; lastKnownFileType = sourcecode.swift; path = Config.swift; sourceTree = "<group>"; };
		048AB7511D011CD300786F98 /* Extension.swift */ = {isa = PBXFileReference; fileEncoding = 4; lastKnownFileType = sourcecode.swift; path = Extension.swift; sourceTree = "<group>"; };
		048AB7541D011EF700786F98 /* 1.jpg */ = {isa = PBXFileReference; lastKnownFileType = image.jpeg; path = 1.jpg; sourceTree = "<group>"; };
		048AB7551D011EF700786F98 /* 2.jpg */ = {isa = PBXFileReference; lastKnownFileType = image.jpeg; path = 2.jpg; sourceTree = "<group>"; };
		048AB7561D011EF700786F98 /* 3.jpg */ = {isa = PBXFileReference; lastKnownFileType = image.jpeg; path = 3.jpg; sourceTree = "<group>"; };
/* End PBXFileReference section */

/* Begin PBXFrameworksBuildPhase section */
		040152661CFEB8820022832F /* Frameworks */ = {
			isa = PBXFrameworksBuildPhase;
			buildActionMask = 2147483647;
			files = (
			);
			runOnlyForDeploymentPostprocessing = 0;
		};
		0401527A1CFEB8820022832F /* Frameworks */ = {
			isa = PBXFrameworksBuildPhase;
			buildActionMask = 2147483647;
			files = (
			);
			runOnlyForDeploymentPostprocessing = 0;
		};
		040152851CFEB8820022832F /* Frameworks */ = {
			isa = PBXFrameworksBuildPhase;
			buildActionMask = 2147483647;
			files = (
			);
			runOnlyForDeploymentPostprocessing = 0;
		};
/* End PBXFrameworksBuildPhase section */

/* Begin PBXGroup section */
		040152601CFEB8820022832F = {
			isa = PBXGroup;
			children = (
				0401526B1CFEB8820022832F /* ExtensionDemo */,
				040152801CFEB8820022832F /* ExtensionDemoTests */,
				0401528B1CFEB8820022832F /* ExtensionDemoUITests */,
				0401526A1CFEB8820022832F /* Products */,
			);
			sourceTree = "<group>";
		};
		0401526A1CFEB8820022832F /* Products */ = {
			isa = PBXGroup;
			children = (
				040152691CFEB8820022832F /* ExtensionDemo.app */,
				0401527D1CFEB8820022832F /* ExtensionDemoTests.xctest */,
				040152881CFEB8820022832F /* ExtensionDemoUITests.xctest */,
			);
			name = Products;
			sourceTree = "<group>";
		};
		0401526B1CFEB8820022832F /* ExtensionDemo */ = {
			isa = PBXGroup;
			children = (
				048AB74E1D011CA000786F98 /* Config */,
				048AB7431D011C8700786F98 /* Request */,
				048AB7441D011C8700786F98 /* Resource */,
				048AB7471D011C8700786F98 /* Tools */,
				048AB7491D011C8700786F98 /* Vendors */,
				048AB7421D011C8700786F98 /* Model */,
				048AB74B1D011C8700786F98 /* ViewModels */,
				048AB74C1D011C8700786F98 /* Views */,
				048AB74A1D011C8700786F98 /* ViewControllers */,
				0401526C1CFEB8820022832F /* AppDelegate.swift */,
				0401526E1CFEB8820022832F /* ViewController.swift */,
				040152701CFEB8820022832F /* Main.storyboard */,
				040152731CFEB8820022832F /* Assets.xcassets */,
				040152751CFEB8820022832F /* LaunchScreen.storyboard */,
				040152781CFEB8820022832F /* Info.plist */,
				048AB73F1D011C0D00786F98 /* ExtensionDemo-Bridging-Header.h */,
			);
			path = ExtensionDemo;
			sourceTree = "<group>";
		};
		040152801CFEB8820022832F /* ExtensionDemoTests */ = {
			isa = PBXGroup;
			children = (
				040152811CFEB8820022832F /* ExtensionDemoTests.swift */,
				040152831CFEB8820022832F /* Info.plist */,
			);
			path = ExtensionDemoTests;
			sourceTree = "<group>";
		};
		0401528B1CFEB8820022832F /* ExtensionDemoUITests */ = {
			isa = PBXGroup;
			children = (
				0401528C1CFEB8820022832F /* ExtensionDemoUITests.swift */,
				0401528E1CFEB8820022832F /* Info.plist */,
			);
			path = ExtensionDemoUITests;
			sourceTree = "<group>";
		};
		048AB7421D011C8700786F98 /* Model */ = {
			isa = PBXGroup;
			children = (
				048AB7511D011CD300786F98 /* Extension.swift */,
			);
			path = Model;
			sourceTree = "<group>";
		};
		048AB7431D011C8700786F98 /* Request */ = {
			isa = PBXGroup;
			children = (
			);
			path = Request;
			sourceTree = "<group>";
		};
		048AB7441D011C8700786F98 /* Resource */ = {
			isa = PBXGroup;
			children = (
				048AB7451D011C8700786F98 /* Images */,
				048AB7461D011C8700786F98 /* StoryBoard */,
			);
			path = Resource;
			sourceTree = "<group>";
		};
		048AB7451D011C8700786F98 /* Images */ = {
			isa = PBXGroup;
			children = (
				048AB7531D011EF700786F98 /* BgImage */,
			);
			path = Images;
			sourceTree = "<group>";
		};
		048AB7461D011C8700786F98 /* StoryBoard */ = {
			isa = PBXGroup;
			children = (
			);
			path = StoryBoard;
			sourceTree = "<group>";
		};
		048AB7471D011C8700786F98 /* Tools */ = {
			isa = PBXGroup;
			children = (
				048AB7481D011C8700786F98 /* ZCControl.swift */,
			);
			path = Tools;
			sourceTree = "<group>";
		};
		048AB7491D011C8700786F98 /* Vendors */ = {
			isa = PBXGroup;
			children = (
			);
			path = Vendors;
			sourceTree = "<group>";
		};
		048AB74A1D011C8700786F98 /* ViewControllers */ = {
			isa = PBXGroup;
			children = (
			);
			path = ViewControllers;
			sourceTree = "<group>";
		};
		048AB74B1D011C8700786F98 /* ViewModels */ = {
			isa = PBXGroup;
			children = (
			);
			path = ViewModels;
			sourceTree = "<group>";
		};
		048AB74C1D011C8700786F98 /* Views */ = {
			isa = PBXGroup;
			children = (
			);
			path = Views;
			sourceTree = "<group>";
		};
		048AB74E1D011CA000786F98 /* Config */ = {
			isa = PBXGroup;
			children = (
				048AB74F1D011CA000786F98 /* Config.swift */,
			);
			path = Config;
			sourceTree = "<group>";
		};
		048AB7531D011EF700786F98 /* BgImage */ = {
			isa = PBXGroup;
			children = (
				048AB7541D011EF700786F98 /* 1.jpg */,
				048AB7551D011EF700786F98 /* 2.jpg */,
				048AB7561D011EF700786F98 /* 3.jpg */,
			);
			path = BgImage;
			sourceTree = "<group>";
		};
/* End PBXGroup section */

/* Begin PBXNativeTarget section */
		040152681CFEB8820022832F /* ExtensionDemo */ = {
			isa = PBXNativeTarget;
			buildConfigurationList = 040152911CFEB8820022832F /* Build configuration list for PBXNativeTarget "ExtensionDemo" */;
			buildPhases = (
				040152651CFEB8820022832F /* Sources */,
				040152661CFEB8820022832F /* Frameworks */,
				040152671CFEB8820022832F /* Resources */,
			);
			buildRules = (
			);
			dependencies = (
			);
			name = ExtensionDemo;
			productName = ExtensionDemo;
			productReference = 040152691CFEB8820022832F /* ExtensionDemo.app */;
			productType = "com.apple.product-type.application";
		};
		0401527C1CFEB8820022832F /* ExtensionDemoTests */ = {
			isa = PBXNativeTarget;
			buildConfigurationList = 040152941CFEB8820022832F /* Build configuration list for PBXNativeTarget "ExtensionDemoTests" */;
			buildPhases = (
				040152791CFEB8820022832F /* Sources */,
				0401527A1CFEB8820022832F /* Frameworks */,
				0401527B1CFEB8820022832F /* Resources */,
			);
			buildRules = (
			);
			dependencies = (
				0401527F1CFEB8820022832F /* PBXTargetDependency */,
			);
			name = ExtensionDemoTests;
			productName = ExtensionDemoTests;
			productReference = 0401527D1CFEB8820022832F /* ExtensionDemoTests.xctest */;
			productType = "com.apple.product-type.bundle.unit-test";
		};
		040152871CFEB8820022832F /* ExtensionDemoUITests */ = {
			isa = PBXNativeTarget;
			buildConfigurationList = 040152971CFEB8820022832F /* Build configuration list for PBXNativeTarget "ExtensionDemoUITests" */;
			buildPhases = (
				040152841CFEB8820022832F /* Sources */,
				040152851CFEB8820022832F /* Frameworks */,
				040152861CFEB8820022832F /* Resources */,
			);
			buildRules = (
			);
			dependencies = (
				0401528A1CFEB8820022832F /* PBXTargetDependency */,
			);
			name = ExtensionDemoUITests;
			productName = ExtensionDemoUITests;
			productReference = 040152881CFEB8820022832F /* ExtensionDemoUITests.xctest */;
			productType = "com.apple.product-type.bundle.ui-testing";
		};
/* End PBXNativeTarget section */

/* Begin PBXProject section */
		040152611CFEB8820022832F /* Project object */ = {
			isa = PBXProject;
			attributes = {
				LastSwiftUpdateCheck = 0730;
				LastUpgradeCheck = 0730;
				ORGANIZATIONNAME = ZXD;
				TargetAttributes = {
					040152681CFEB8820022832F = {
						CreatedOnToolsVersion = 7.3.1;
					};
					0401527C1CFEB8820022832F = {
						CreatedOnToolsVersion = 7.3.1;
						TestTargetID = 040152681CFEB8820022832F;
					};
					040152871CFEB8820022832F = {
						CreatedOnToolsVersion = 7.3.1;
						TestTargetID = 040152681CFEB8820022832F;
					};
				};
			};
			buildConfigurationList = 040152641CFEB8820022832F /* Build configuration list for PBXProject "ExtensionDemo" */;
			compatibilityVersion = "Xcode 3.2";
			developmentRegion = English;
			hasScannedForEncodings = 0;
			knownRegions = (
				en,
				Base,
			);
			mainGroup = 040152601CFEB8820022832F;
			productRefGroup = 0401526A1CFEB8820022832F /* Products */;
			projectDirPath = "";
			projectRoot = "";
			targets = (
				040152681CFEB8820022832F /* ExtensionDemo */,
				0401527C1CFEB8820022832F /* ExtensionDemoTests */,
				040152871CFEB8820022832F /* ExtensionDemoUITests */,
			);
		};
/* End PBXProject section */

/* Begin PBXResourcesBuildPhase section */
		040152671CFEB8820022832F /* Resources */ = {
			isa = PBXResourcesBuildPhase;
			buildActionMask = 2147483647;
			files = (
				040152771CFEB8820022832F /* LaunchScreen.storyboard in Resources */,
				048AB7571D011EF700786F98 /* 1.jpg in Resources */,
				048AB7581D011EF700786F98 /* 2.jpg in Resources */,
				048AB7591D011EF700786F98 /* 3.jpg in Resources */,
				040152741CFEB8820022832F /* Assets.xcassets in Resources */,
				040152721CFEB8820022832F /* Main.storyboard in Resources */,
			);
			runOnlyForDeploymentPostprocessing = 0;
		};
		0401527B1CFEB8820022832F /* Resources */ = {
			isa = PBXResourcesBuildPhase;
			buildActionMask = 2147483647;
			files = (
			);
			runOnlyForDeploymentPostprocessing = 0;
		};
		040152861CFEB8820022832F /* Resources */ = {
			isa = PBXResourcesBuildPhase;
			buildActionMask = 2147483647;
			files = (
			);
			runOnlyForDeploymentPostprocessing = 0;
		};
/* End PBXResourcesBuildPhase section */

/* Begin PBXSourcesBuildPhase section */
		040152651CFEB8820022832F /* Sources */ = {
			isa = PBXSourcesBuildPhase;
			buildActionMask = 2147483647;
			files = (
				048AB7521D011CD300786F98 /* Extension.swift in Sources */,
				048AB74D1D011C8700786F98 /* ZCControl.swift in Sources */,
				048AB7501D011CA000786F98 /* Config.swift in Sources */,
				0401526F1CFEB8820022832F /* ViewController.swift in Sources */,
				0401526D1CFEB8820022832F /* AppDelegate.swift in Sources */,
			);
			runOnlyForDeploymentPostprocessing = 0;
		};
		040152791CFEB8820022832F /* Sources */ = {
			isa = PBXSourcesBuildPhase;
			buildActionMask = 2147483647;
			files = (
				040152821CFEB8820022832F /* ExtensionDemoTests.swift in Sources */,
			);
			runOnlyForDeploymentPostprocessing = 0;
		};
		040152841CFEB8820022832F /* Sources */ = {
			isa = PBXSourcesBuildPhase;
			buildActionMask = 2147483647;
			files = (
				0401528D1CFEB8820022832F /* ExtensionDemoUITests.swift in Sources */,
			);
			runOnlyForDeploymentPostprocessing = 0;
		};
/* End PBXSourcesBuildPhase section */

/* Begin PBXTargetDependency section */
		0401527F1CFEB8820022832F /* PBXTargetDependency */ = {
			isa = PBXTargetDependency;
			target = 040152681CFEB8820022832F /* ExtensionDemo */;
			targetProxy = 0401527E1CFEB8820022832F /* PBXContainerItemProxy */;
		};
		0401528A1CFEB8820022832F /* PBXTargetDependency */ = {
			isa = PBXTargetDependency;
			target = 040152681CFEB8820022832F /* ExtensionDemo */;
			targetProxy = 040152891CFEB8820022832F /* PBXContainerItemProxy */;
		};
/* End PBXTargetDependency section */

/* Begin PBXVariantGroup section */
		040152701CFEB8820022832F /* Main.storyboard */ = {
			isa = PBXVariantGroup;
			children = (
				040152711CFEB8820022832F /* Base */,
			);
			name = Main.storyboard;
			sourceTree = "<group>";
		};
		040152751CFEB8820022832F /* LaunchScreen.storyboard */ = {
			isa = PBXVariantGroup;
			children = (
				040152761CFEB8820022832F /* Base */,
			);
			name = LaunchScreen.storyboard;
			sourceTree = "<group>";
		};
/* End PBXVariantGroup section */

/* Begin XCBuildConfiguration section */
		0401528F1CFEB8820022832F /* Debug */ = {
			isa = XCBuildConfiguration;
			buildSettings = {
				ALWAYS_SEARCH_USER_PATHS = NO;
				CLANG_ANALYZER_NONNULL = YES;
				CLANG_CXX_LANGUAGE_STANDARD = "gnu++0x";
				CLANG_CXX_LIBRARY = "libc++";
				CLANG_ENABLE_MODULES = YES;
				CLANG_ENABLE_OBJC_ARC = YES;
				CLANG_WARN_BOOL_CONVERSION = YES;
				CLANG_WARN_CONSTANT_CONVERSION = YES;
				CLANG_WARN_DIRECT_OBJC_ISA_USAGE = YES_ERROR;
				CLANG_WARN_EMPTY_BODY = YES;
				CLANG_WARN_ENUM_CONVERSION = YES;
				CLANG_WARN_INT_CONVERSION = YES;
				CLANG_WARN_OBJC_ROOT_CLASS = YES_ERROR;
				CLANG_WARN_UNREACHABLE_CODE = YES;
				CLANG_WARN__DUPLICATE_METHOD_MATCH = YES;
				"CODE_SIGN_IDENTITY[sdk=iphoneos*]" = "iPhone Developer";
				COPY_PHASE_STRIP = NO;
				DEBUG_INFORMATION_FORMAT = dwarf;
				ENABLE_STRICT_OBJC_MSGSEND = YES;
				ENABLE_TESTABILITY = YES;
				GCC_C_LANGUAGE_STANDARD = gnu99;
				GCC_DYNAMIC_NO_PIC = NO;
				GCC_NO_COMMON_BLOCKS = YES;
				GCC_OPTIMIZATION_LEVEL = 0;
				GCC_PREPROCESSOR_DEFINITIONS = (
					"DEBUG=1",
					"$(inherited)",
				);
				GCC_WARN_64_TO_32_BIT_CONVERSION = YES;
				GCC_WARN_ABOUT_RETURN_TYPE = YES_ERROR;
				GCC_WARN_UNDECLARED_SELECTOR = YES;
				GCC_WARN_UNINITIALIZED_AUTOS = YES_AGGRESSIVE;
				GCC_WARN_UNUSED_FUNCTION = YES;
				GCC_WARN_UNUSED_VARIABLE = YES;
				IPHONEOS_DEPLOYMENT_TARGET = 9.3;
				MTL_ENABLE_DEBUG_INFO = YES;
				ONLY_ACTIVE_ARCH = YES;
				SDKROOT = iphoneos;
				SWIFT_OPTIMIZATION_LEVEL = "-Onone";
				TARGETED_DEVICE_FAMILY = "1,2";
			};
			name = Debug;
		};
		040152901CFEB8820022832F /* Release */ = {
			isa = XCBuildConfiguration;
			buildSettings = {
				ALWAYS_SEARCH_USER_PATHS = NO;
				CLANG_ANALYZER_NONNULL = YES;
				CLANG_CXX_LANGUAGE_STANDARD = "gnu++0x";
				CLANG_CXX_LIBRARY = "libc++";
				CLANG_ENABLE_MODULES = YES;
				CLANG_ENABLE_OBJC_ARC = YES;
				CLANG_WARN_BOOL_CONVERSION = YES;
				CLANG_WARN_CONSTANT_CONVERSION = YES;
				CLANG_WARN_DIRECT_OBJC_ISA_USAGE = YES_ERROR;
				CLANG_WARN_EMPTY_BODY = YES;
				CLANG_WARN_ENUM_CONVERSION = YES;
				CLANG_WARN_INT_CONVERSION = YES;
				CLANG_WARN_OBJC_ROOT_CLASS = YES_ERROR;
				CLANG_WARN_UNREACHABLE_CODE = YES;
				CLANG_WARN__DUPLICATE_METHOD_MATCH = YES;
				"CODE_SIGN_IDENTITY[sdk=iphoneos*]" = "iPhone Developer";
				COPY_PHASE_STRIP = NO;
				DEBUG_INFORMATION_FORMAT = "dwarf-with-dsym";
				ENABLE_NS_ASSERTIONS = NO;
				ENABLE_STRICT_OBJC_MSGSEND = YES;
				GCC_C_LANGUAGE_STANDARD = gnu99;
				GCC_NO_COMMON_BLOCKS = YES;
				GCC_WARN_64_TO_32_BIT_CONVERSION = YES;
				GCC_WARN_ABOUT_RETURN_TYPE = YES_ERROR;
				GCC_WARN_UNDECLARED_SELECTOR = YES;
				GCC_WARN_UNINITIALIZED_AUTOS = YES_AGGRESSIVE;
				GCC_WARN_UNUSED_FUNCTION = YES;
				GCC_WARN_UNUSED_VARIABLE = YES;
				IPHONEOS_DEPLOYMENT_TARGET = 9.3;
				MTL_ENABLE_DEBUG_INFO = NO;
				SDKROOT = iphoneos;
				TARGETED_DEVICE_FAMILY = "1,2";
				VALIDATE_PRODUCT = YES;
			};
			name = Release;
		};
		040152921CFEB8820022832F /* Debug */ = {
			isa = XCBuildConfiguration;
			buildSettings = {
				ASSETCATALOG_COMPILER_APPICON_NAME = AppIcon;
				CLANG_ENABLE_MODULES = YES;
				INFOPLIST_FILE = ExtensionDemo/Info.plist;
				LD_RUNPATH_SEARCH_PATHS = "$(inherited) @executable_path/Frameworks";
				PRODUCT_BUNDLE_IDENTIFIER = ZXD.ExtensionDemo;
				PRODUCT_NAME = "$(TARGET_NAME)";
				SWIFT_OBJC_BRIDGING_HEADER = "ExtensionDemo/ExtensionDemo-Bridging-Header.h";
				SWIFT_OPTIMIZATION_LEVEL = "-Onone";
			};
			name = Debug;
		};
		040152931CFEB8820022832F /* Release */ = {
			isa = XCBuildConfiguration;
			buildSettings = {
				ASSETCATALOG_COMPILER_APPICON_NAME = AppIcon;
				CLANG_ENABLE_MODULES = YES;
				INFOPLIST_FILE = ExtensionDemo/Info.plist;
				LD_RUNPATH_SEARCH_PATHS = "$(inherited) @executable_path/Frameworks";
				PRODUCT_BUNDLE_IDENTIFIER = ZXD.ExtensionDemo;
				PRODUCT_NAME = "$(TARGET_NAME)";
				SWIFT_OBJC_BRIDGING_HEADER = "ExtensionDemo/ExtensionDemo-Bridging-Header.h";
			};
			name = Release;
		};
		040152951CFEB8820022832F /* Debug */ = {
			isa = XCBuildConfiguration;
			buildSettings = {
				BUNDLE_LOADER = "$(TEST_HOST)";
				INFOPLIST_FILE = ExtensionDemoTests/Info.plist;
				LD_RUNPATH_SEARCH_PATHS = "$(inherited) @executable_path/Frameworks @loader_path/Frameworks";
				PRODUCT_BUNDLE_IDENTIFIER = ZXD.ExtensionDemoTests;
				PRODUCT_NAME = "$(TARGET_NAME)";
				TEST_HOST = "$(BUILT_PRODUCTS_DIR)/ExtensionDemo.app/ExtensionDemo";
			};
			name = Debug;
		};
		040152961CFEB8820022832F /* Release */ = {
			isa = XCBuildConfiguration;
			buildSettings = {
				BUNDLE_LOADER = "$(TEST_HOST)";
				INFOPLIST_FILE = ExtensionDemoTests/Info.plist;
				LD_RUNPATH_SEARCH_PATHS = "$(inherited) @executable_path/Frameworks @loader_path/Frameworks";
				PRODUCT_BUNDLE_IDENTIFIER = ZXD.ExtensionDemoTests;
				PRODUCT_NAME = "$(TARGET_NAME)";
				TEST_HOST = "$(BUILT_PRODUCTS_DIR)/ExtensionDemo.app/ExtensionDemo";
			};
			name = Release;
		};
		040152981CFEB8820022832F /* Debug */ = {
			isa = XCBuildConfiguration;
			buildSettings = {
				INFOPLIST_FILE = ExtensionDemoUITests/Info.plist;
				LD_RUNPATH_SEARCH_PATHS = "$(inherited) @executable_path/Frameworks @loader_path/Frameworks";
				PRODUCT_BUNDLE_IDENTIFIER = ZXD.ExtensionDemoUITests;
				PRODUCT_NAME = "$(TARGET_NAME)";
				TEST_TARGET_NAME = ExtensionDemo;
			};
			name = Debug;
		};
		040152991CFEB8820022832F /* Release */ = {
			isa = XCBuildConfiguration;
			buildSettings = {
				INFOPLIST_FILE = ExtensionDemoUITests/Info.plist;
				LD_RUNPATH_SEARCH_PATHS = "$(inherited) @executable_path/Frameworks @loader_path/Frameworks";
				PRODUCT_BUNDLE_IDENTIFIER = ZXD.ExtensionDemoUITests;
				PRODUCT_NAME = "$(TARGET_NAME)";
				TEST_TARGET_NAME = ExtensionDemo;
			};
			name = Release;
		};
/* End XCBuildConfiguration section */

/* Begin XCConfigurationList section */
		040152641CFEB8820022832F /* Build configuration list for PBXProject "ExtensionDemo" */ = {
			isa = XCConfigurationList;
			buildConfigurations = (
				0401528F1CFEB8820022832F /* Debug */,
				040152901CFEB8820022832F /* Release */,
			);
			defaultConfigurationIsVisible = 0;
			defaultConfigurationName = Release;
		};
		040152911CFEB8820022832F /* Build configuration list for PBXNativeTarget "ExtensionDemo" */ = {
			isa = XCConfigurationList;
			buildConfigurations = (
				040152921CFEB8820022832F /* Debug */,
				040152931CFEB8820022832F /* Release */,
			);
			defaultConfigurationIsVisible = 0;
			defaultConfigurationName = Release;
		};
		040152941CFEB8820022832F /* Build configuration list for PBXNativeTarget "ExtensionDemoTests" */ = {
			isa = XCConfigurationList;
			buildConfigurations = (
				040152951CFEB8820022832F /* Debug */,
				040152961CFEB8820022832F /* Release */,
			);
			defaultConfigurationIsVisible = 0;
			defaultConfigurationName = Release;
		};
		040152971CFEB8820022832F /* Build configuration list for PBXNativeTarget "ExtensionDemoUITests" */ = {
			isa = XCConfigurationList;
			buildConfigurations = (
				040152981CFEB8820022832F /* Debug */,
				040152991CFEB8820022832F /* Release */,
			);
			defaultConfigurationIsVisible = 0;
			defaultConfigurationName = Release;
		};
/* End XCConfigurationList section */
	};
	rootObject = 040152611CFEB8820022832F /* Project object */;
}
